{
  "lockfileVersion": 1,
  "configVersion": 1,
  "workspaces": {
    "": {
      "name": "page-navigator",
      "dependencies": {
        "lucide-react": "^1.11.0",
        "marked": "^18.0.2",
      },
    },
  },
  "packages": {
    "lucide-react": ["lucide-react@1.18.0", "", { "peerDependencies": { "react": "^16.5.1 || ^17.0.0 || ^18.0.0 || ^19.0.0" } }, "sha512-LZDb7H/0YfM+RJncD0hDQRCAu+vSGODqpe35TuVI8EuXaRjkczbsx7p8dY4J87F/MUSj6bpYqeI8nw8qXaAdmA=="],

    "marked": ["marked@18.0.5", "", { "bin": { "marked": "bin/marked.js" } }, "sha512-S6GcvALHg6K4ohtu4E7x0a1AqhAjp6cV8KhLSyN9qVapnzJkusVBxZRcIU9AeYsbe6P1hKDusSbEOzGyyuce6w=="],

    "react": ["react@19.2.7", "", {}, "sha512-HNe9WslTbXmFK8o8cmwgAeJFSBvt1bPdHCVKtaaV+WlAN36mpT4hcRpwbf3fY56ar2oIXzsBpOAiIRHAdY0OlQ=="],
  }
}
